<?xml version="1.0" encoding="utf-8"?>
<Project ToolsVersion="4.0" xmlns="http://schemas.microsoft.com/developer/msbuild/2003">
  <ItemGroup>
    <Filter Include="Source Files">
      <UniqueIdentifier>{4FC737F1-C7A5-4376-A066-2A32D752A2FF}</UniqueIdentifier>
      <Extensions>cpp;c;cc;cxx;def;odl;idl;hpj;bat;asm;asmx</Extensions>
    </Filter>
    <Filter Include="Header Files">
      <UniqueIdentifier>{93995380-89BD-4b04-88EB-625FBE52EBFB}</UniqueIdentifier>
      <Extensions>h;hpp;hxx;hm;inl;inc;xsd</Extensions>
    </Filter>
    <Filter Include="Resource Files">
      <UniqueIdentifier>{67DA6AB6-F800-4c08-8B7A-83BB121AAD01}</UniqueIdentifier>
      <Extensions>rc;ico;cur;bmp;dlg;rc2;rct;bin;rgs;gif;jpg;jpeg;jpe;resx;tiff;tif;png;wav</Extensions>
    </Filter>
    <Filter Include="common">
      <UniqueIdentifier>{726991ac-c48d-4a11-b30a-64a9220371e3}</UniqueIdentifier>
    </Filter>
    <Filter Include="dgds">
      <UniqueIdentifier>{0824667d-499d-40af-9bcf-c80e21f06b7b}</UniqueIdentifier>
    </Filter>
    <Filter Include="dgds\resources">
      <UniqueIdentifier>{736825c7-188a-4bf2-a337-407b56c64462}</UniqueIdentifier>
    </Filter>
  </ItemGroup>
  <ItemGroup>
    <ClInclude Include="dgdsconstant.h">
      <Filter>Source Files</Filter>
    </ClInclude>
    <ClInclude Include="stdafx.h">
      <Filter>Header Files</Filter>
    </ClInclude>
    <ClInclude Include="targetver.h">
      <Filter>Header Files</Filter>
    </ClInclude>
    <ClInclude Include="..\ResExtractor\common\abstract-fs.h">
      <Filter>common</Filter>
    </ClInclude>
    <ClInclude Include="..\ResExtractor\common\algorithm.h">
      <Filter>common</Filter>
    </ClInclude>
    <ClInclude Include="..\ResExtractor\common\archive.h">
      <Filter>common</Filter>
    </ClInclude>
    <ClInclude Include="..\ResExtractor\common\array.h">
      <Filter>common</Filter>
    </ClInclude>
    <ClInclude Include="..\ResExtractor\common\bitstream.h">
      <Filter>common</Filter>
    </ClInclude>
    <ClInclude Include="..\ResExtractor\common\bufferedstream.h">
      <Filter>common</Filter>
    </ClInclude>
    <ClInclude Include="..\ResExtractor\common\config-file.h">
      <Filter>common</Filter>
    </ClInclude>
    <ClInclude Include="..\ResExtractor\common\config-manager.h">
      <Filter>common</Filter>
    </ClInclude>
    <ClInclude Include="..\ResExtractor\common\coroutines.h">
      <Filter>common</Filter>
    </ClInclude>
    <ClInclude Include="..\ResExtractor\common\cosinetables.h">
      <Filter>common</Filter>
    </ClInclude>
    <ClInclude Include="..\ResExtractor\common\dcl.h">
      <Filter>common</Filter>
    </ClInclude>
    <ClInclude Include="..\ResExtractor\common\dct.h">
      <Filter>common</Filter>
    </ClInclude>
    <ClInclude Include="..\ResExtractor\common\debug-channels.h">
      <Filter>common</Filter>
    </ClInclude>
    <ClInclude Include="..\ResExtractor\common\debug.h">
      <Filter>common</Filter>
    </ClInclude>
    <ClInclude Include="..\ResExtractor\common\endian.h">
      <Filter>common</Filter>
    </ClInclude>
    <ClInclude Include="..\ResExtractor\common\error.h">
      <Filter>common</Filter>
    </ClInclude>
    <ClInclude Include="..\ResExtractor\common\EventRecorder.h">
      <Filter>common</Filter>
    </ClInclude>
    <ClInclude Include="..\ResExtractor\common\events.h">
      <Filter>common</Filter>
    </ClInclude>
    <ClInclude Include="..\ResExtractor\common\fft.h">
      <Filter>common</Filter>
    </ClInclude>
    <ClInclude Include="..\ResExtractor\common\file.h">
      <Filter>common</Filter>
    </ClInclude>
    <ClInclude Include="..\ResExtractor\common\forbidden.h">
      <Filter>common</Filter>
    </ClInclude>
    <ClInclude Include="..\ResExtractor\common\frac.h">
      <Filter>common</Filter>
    </ClInclude>
    <ClInclude Include="..\ResExtractor\common\fs-factory.h">
      <Filter>common</Filter>
    </ClInclude>
    <ClInclude Include="..\ResExtractor\common\fs.h">
      <Filter>common</Filter>
    </ClInclude>
    <ClInclude Include="..\ResExtractor\common\func.h">
      <Filter>common</Filter>
    </ClInclude>
    <ClInclude Include="..\ResExtractor\common\gui_options.h">
      <Filter>common</Filter>
    </ClInclude>
    <ClInclude Include="..\ResExtractor\common\hash-str.h">
      <Filter>common</Filter>
    </ClInclude>
    <ClInclude Include="..\ResExtractor\common\hashmap.h">
      <Filter>common</Filter>
    </ClInclude>
    <ClInclude Include="..\ResExtractor\common\huffman.h">
      <Filter>common</Filter>
    </ClInclude>
    <ClInclude Include="..\ResExtractor\common\iff_container.h">
      <Filter>common</Filter>
    </ClInclude>
    <ClInclude Include="..\ResExtractor\common\keyboard.h">
      <Filter>common</Filter>
    </ClInclude>
    <ClInclude Include="..\ResExtractor\common\language.h">
      <Filter>common</Filter>
    </ClInclude>
    <ClInclude Include="..\ResExtractor\common\list.h">
      <Filter>common</Filter>
    </ClInclude>
    <ClInclude Include="..\ResExtractor\common\list_intern.h">
      <Filter>common</Filter>
    </ClInclude>
    <ClInclude Include="..\ResExtractor\common\localization.h">
      <Filter>common</Filter>
    </ClInclude>
    <ClInclude Include="..\ResExtractor\common\macresman.h">
      <Filter>common</Filter>
    </ClInclude>
    <ClInclude Include="..\ResExtractor\common\math.h">
      <Filter>common</Filter>
    </ClInclude>
    <ClInclude Include="..\ResExtractor\common\md5.h">
      <Filter>common</Filter>
    </ClInclude>
    <ClInclude Include="..\ResExtractor\common\memory.h">
      <Filter>common</Filter>
    </ClInclude>
    <ClInclude Include="..\ResExtractor\common\memorypool.h">
      <Filter>common</Filter>
    </ClInclude>
    <ClInclude Include="..\ResExtractor\common\memstream.h">
      <Filter>common</Filter>
    </ClInclude>
    <ClInclude Include="..\ResExtractor\common\mutex.h">
      <Filter>common</Filter>
    </ClInclude>
    <ClInclude Include="..\ResExtractor\common\noncopyable.h">
      <Filter>common</Filter>
    </ClInclude>
    <ClInclude Include="..\ResExtractor\common\pack-end.h">
      <Filter>common</Filter>
    </ClInclude>
    <ClInclude Include="..\ResExtractor\common\pack-start.h">
      <Filter>common</Filter>
    </ClInclude>
    <ClInclude Include="..\ResExtractor\common\platform.h">
      <Filter>common</Filter>
    </ClInclude>
    <ClInclude Include="..\ResExtractor\common\ptr.h">
      <Filter>common</Filter>
    </ClInclude>
    <ClInclude Include="..\ResExtractor\common\queue.h">
      <Filter>common</Filter>
    </ClInclude>
    <ClInclude Include="..\ResExtractor\common\quicktime.h">
      <Filter>common</Filter>
    </ClInclude>
    <ClInclude Include="..\ResExtractor\common\random.h">
      <Filter>common</Filter>
    </ClInclude>
    <ClInclude Include="..\ResExtractor\common\rational.h">
      <Filter>common</Filter>
    </ClInclude>
    <ClInclude Include="..\ResExtractor\common\rdft.h">
      <Filter>common</Filter>
    </ClInclude>
    <ClInclude Include="..\ResExtractor\common\rect.h">
      <Filter>common</Filter>
    </ClInclude>
    <ClInclude Include="..\ResExtractor\common\rendermode.h">
      <Filter>common</Filter>
    </ClInclude>
    <ClInclude Include="..\ResExtractor\common\savefile.h">
      <Filter>common</Filter>
    </ClInclude>
    <ClInclude Include="..\ResExtractor\common\scummsys.h">
      <Filter>common</Filter>
    </ClInclude>
    <ClInclude Include="..\ResExtractor\common\serializer.h">
      <Filter>common</Filter>
    </ClInclude>
    <ClInclude Include="..\ResExtractor\common\sinetables.h">
      <Filter>common</Filter>
    </ClInclude>
    <ClInclude Include="..\ResExtractor\common\singleton.h">
      <Filter>common</Filter>
    </ClInclude>
    <ClInclude Include="..\ResExtractor\common\stack.h">
      <Filter>common</Filter>
    </ClInclude>
    <ClInclude Include="..\ResExtractor\common\stdiostream.h">
      <Filter>common</Filter>
    </ClInclude>
    <ClInclude Include="..\ResExtractor\common\str-array.h">
      <Filter>common</Filter>
    </ClInclude>
    <ClInclude Include="..\ResExtractor\common\str.h">
      <Filter>common</Filter>
    </ClInclude>
    <ClInclude Include="..\ResExtractor\common\stream.h">
      <Filter>common</Filter>
    </ClInclude>
    <ClInclude Include="..\ResExtractor\common\substream.h">
      <Filter>common</Filter>
    </ClInclude>
    <ClInclude Include="..\ResExtractor\common\system.h">
      <Filter>common</Filter>
    </ClInclude>
    <ClInclude Include="..\ResExtractor\common\taskbar.h">
      <Filter>common</Filter>
    </ClInclude>
    <ClInclude Include="..\ResExtractor\common\textconsole.h">
      <Filter>common</Filter>
    </ClInclude>
    <ClInclude Include="..\ResExtractor\common\timer.h">
      <Filter>common</Filter>
    </ClInclude>
    <ClInclude Include="..\ResExtractor\common\tokenizer.h">
      <Filter>common</Filter>
    </ClInclude>
    <ClInclude Include="..\ResExtractor\common\translation.h">
      <Filter>common</Filter>
    </ClInclude>
    <ClInclude Include="..\ResExtractor\common\types.h">
      <Filter>common</Filter>
    </ClInclude>
    <ClInclude Include="..\ResExtractor\common\unarj.h">
      <Filter>common</Filter>
    </ClInclude>
    <ClInclude Include="..\ResExtractor\common\unzip.h">
      <Filter>common</Filter>
    </ClInclude>
    <ClInclude Include="..\ResExtractor\common\updates.h">
      <Filter>common</Filter>
    </ClInclude>
    <ClInclude Include="..\ResExtractor\common\util.h">
      <Filter>common</Filter>
    </ClInclude>
    <ClInclude Include="..\ResExtractor\common\windows-fs-factory.h">
      <Filter>common</Filter>
    </ClInclude>
    <ClInclude Include="..\ResExtractor\common\windows-fs.h">
      <Filter>common</Filter>
    </ClInclude>
    <ClInclude Include="..\ResExtractor\common\winexe.h">
      <Filter>common</Filter>
    </ClInclude>
    <ClInclude Include="..\ResExtractor\common\winexe_ne.h">
      <Filter>common</Filter>
    </ClInclude>
    <ClInclude Include="..\ResExtractor\common\winexe_pe.h">
      <Filter>common</Filter>
    </ClInclude>
    <ClInclude Include="..\ResExtractor\common\xmlparser.h">
      <Filter>common</Filter>
    </ClInclude>
    <ClInclude Include="..\ResExtractor\common\zlib.h">
      <Filter>common</Filter>
    </ClInclude>
    <ClInclude Include="dgds\compression.h">
      <Filter>dgds</Filter>
    </ClInclude>
    <ClInclude Include="dgds\game.h">
      <Filter>dgds</Filter>
    </ClInclude>
    <ClInclude Include="dgds\resourcemanager.h">
      <Filter>dgds</Filter>
    </ClInclude>
    <ClInclude Include="dgds\resources\animation.h">
      <Filter>dgds\resources</Filter>
    </ClInclude>
    <ClInclude Include="dgds\resources\bmp.h">
      <Filter>dgds\resources</Filter>
    </ClInclude>
    <ClInclude Include="dgds\resources\resource.h">
      <Filter>dgds\resources</Filter>
    </ClInclude>
    <ClInclude Include="dgds\resources\soundresource.h">
      <Filter>dgds\resources</Filter>
    </ClInclude>
    <ClInclude Include="dgds\resources\taggedresource.h">
      <Filter>dgds\resources</Filter>
    </ClInclude>
  </ItemGroup>
  <ItemGroup>
    <ClCompile Include="DynamicsGameExtractor.cpp">
      <Filter>Source Files</Filter>
    </ClCompile>
    <ClCompile Include="stdafx.cpp">
      <Filter>Source Files</Filter>
    </ClCompile>
    <ClCompile Include="..\ResExtractor\common\abstract-fs.cpp">
      <Filter>common</Filter>
    </ClCompile>
    <ClCompile Include="..\ResExtractor\common\archive.cpp">
      <Filter>common</Filter>
    </ClCompile>
    <ClCompile Include="..\ResExtractor\common\config-file.cpp">
      <Filter>common</Filter>
    </ClCompile>
    <ClCompile Include="..\ResExtractor\common\config-manager.cpp">
      <Filter>common</Filter>
    </ClCompile>
    <ClCompile Include="..\ResExtractor\common\coroutines.cpp">
      <Filter>common</Filter>
    </ClCompile>
    <ClCompile Include="..\ResExtractor\common\cosinetables.cpp">
      <Filter>common</Filter>
    </ClCompile>
    <ClCompile Include="..\ResExtractor\common\dcl.cpp">
      <Filter>common</Filter>
    </ClCompile>
    <ClCompile Include="..\ResExtractor\common\dct.cpp">
      <Filter>common</Filter>
    </ClCompile>
    <ClCompile Include="..\ResExtractor\common\debug.cpp">
      <Filter>common</Filter>
    </ClCompile>
    <ClCompile Include="..\ResExtractor\common\error.cpp">
      <Filter>common</Filter>
    </ClCompile>
    <ClCompile Include="..\ResExtractor\common\EventDispatcher.cpp">
      <Filter>common</Filter>
    </ClCompile>
    <ClCompile Include="..\ResExtractor\common\EventMapper.cpp">
      <Filter>common</Filter>
    </ClCompile>
    <ClCompile Include="..\ResExtractor\common\EventRecorder.cpp">
      <Filter>common</Filter>
    </ClCompile>
    <ClCompile Include="..\ResExtractor\common\fft.cpp">
      <Filter>common</Filter>
    </ClCompile>
    <ClCompile Include="..\ResExtractor\common\file.cpp">
      <Filter>common</Filter>
    </ClCompile>
    <ClCompile Include="..\ResExtractor\common\fs.cpp">
      <Filter>common</Filter>
    </ClCompile>
    <ClCompile Include="..\ResExtractor\common\gui_options.cpp">
      <Filter>common</Filter>
    </ClCompile>
    <ClCompile Include="..\ResExtractor\common\hashmap.cpp">
      <Filter>common</Filter>
    </ClCompile>
    <ClCompile Include="..\ResExtractor\common\huffman.cpp">
      <Filter>common</Filter>
    </ClCompile>
    <ClCompile Include="..\ResExtractor\common\iff_container.cpp">
      <Filter>common</Filter>
    </ClCompile>
    <ClCompile Include="..\ResExtractor\common\language.cpp">
      <Filter>common</Filter>
    </ClCompile>
    <ClCompile Include="..\ResExtractor\common\localization.cpp">
      <Filter>common</Filter>
    </ClCompile>
    <ClCompile Include="..\ResExtractor\common\macresman.cpp">
      <Filter>common</Filter>
    </ClCompile>
    <ClCompile Include="..\ResExtractor\common\md5.cpp">
      <Filter>common</Filter>
    </ClCompile>
    <ClCompile Include="..\ResExtractor\common\memorypool.cpp">
      <Filter>common</Filter>
    </ClCompile>
    <ClCompile Include="..\ResExtractor\common\mutex.cpp">
      <Filter>common</Filter>
    </ClCompile>
    <ClCompile Include="..\ResExtractor\common\platform.cpp">
      <Filter>common</Filter>
    </ClCompile>
    <ClCompile Include="..\ResExtractor\common\quicktime.cpp">
      <Filter>common</Filter>
    </ClCompile>
    <ClCompile Include="..\ResExtractor\common\random.cpp">
      <Filter>common</Filter>
    </ClCompile>
    <ClCompile Include="..\ResExtractor\common\rational.cpp">
      <Filter>common</Filter>
    </ClCompile>
    <ClCompile Include="..\ResExtractor\common\rdft.cpp">
      <Filter>common</Filter>
    </ClCompile>
    <ClCompile Include="..\ResExtractor\common\rendermode.cpp">
      <Filter>common</Filter>
    </ClCompile>
    <ClCompile Include="..\ResExtractor\common\sinetables.cpp">
      <Filter>common</Filter>
    </ClCompile>
    <ClCompile Include="..\ResExtractor\common\stdiostream.cpp">
      <Filter>common</Filter>
    </ClCompile>
    <ClCompile Include="..\ResExtractor\common\str.cpp">
      <Filter>common</Filter>
    </ClCompile>
    <ClCompile Include="..\ResExtractor\common\stream.cpp">
      <Filter>common</Filter>
    </ClCompile>
    <ClCompile Include="..\ResExtractor\common\system.cpp">
      <Filter>common</Filter>
    </ClCompile>
    <ClCompile Include="..\ResExtractor\common\textconsole.cpp">
      <Filter>common</Filter>
    </ClCompile>
    <ClCompile Include="..\ResExtractor\common\tokenizer.cpp">
      <Filter>common</Filter>
    </ClCompile>
    <ClCompile Include="..\ResExtractor\common\translation.cpp">
      <Filter>common</Filter>
    </ClCompile>
    <ClCompile Include="..\ResExtractor\common\unarj.cpp">
      <Filter>common</Filter>
    </ClCompile>
    <ClCompile Include="..\ResExtractor\common\unzip.cpp">
      <Filter>common</Filter>
    </ClCompile>
    <ClCompile Include="..\ResExtractor\common\util.cpp">
      <Filter>common</Filter>
    </ClCompile>
    <ClCompile Include="..\ResExtractor\common\windows-fs-factory.cpp">
      <Filter>common</Filter>
    </ClCompile>
    <ClCompile Include="..\ResExtractor\common\windows-fs.cpp">
      <Filter>common</Filter>
    </ClCompile>
    <ClCompile Include="..\ResExtractor\common\winexe.cpp">
      <Filter>common</Filter>
    </ClCompile>
    <ClCompile Include="..\ResExtractor\common\winexe_ne.cpp">
      <Filter>common</Filter>
    </ClCompile>
    <ClCompile Include="..\ResExtractor\common\winexe_pe.cpp">
      <Filter>common</Filter>
    </ClCompile>
    <ClCompile Include="..\ResExtractor\common\xmlparser.cpp">
      <Filter>common</Filter>
    </ClCompile>
    <ClCompile Include="..\ResExtractor\common\zlib.cpp">
      <Filter>common</Filter>
    </ClCompile>
    <ClCompile Include="dgds\compression.cpp">
      <Filter>dgds</Filter>
    </ClCompile>
    <ClCompile Include="dgds\game.cpp">
      <Filter>dgds</Filter>
    </ClCompile>
    <ClCompile Include="dgds\resourcemanager.cpp">
      <Filter>dgds</Filter>
    </ClCompile>
    <ClCompile Include="dgds\resources\animation.cpp">
      <Filter>dgds\resources</Filter>
    </ClCompile>
    <ClCompile Include="dgds\resources\bmp.cpp">
      <Filter>dgds\resources</Filter>
    </ClCompile>
    <ClCompile Include="dgds\resources\resource.cpp">
      <Filter>dgds\resources</Filter>
    </ClCompile>
    <ClCompile Include="dgds\resources\soundresource.cpp">
      <Filter>dgds\resources</Filter>
    </ClCompile>
    <ClCompile Include="dgds\resources\taggedresource.cpp">
      <Filter>dgds\resources</Filter>
    </ClCompile>
  </ItemGroup>
  <ItemGroup>
    <None Include="..\ResExtractor\common\module.mk">
      <Filter>common</Filter>
    </None>
  </ItemGroup>
  <ItemGroup>
    <Text Include="ReadMe.txt" />
  </ItemGroup>
</Project>